# This file was autogenerated by uv via the following command:
#    uv pip compile requirements.txt -o requirements.lock --generate-hashes
wasmtime==47.0.1 \
    --hash=sha256:0aeb53d4c8e682cccebbaac48882939b34e71a1243b622129de3e6834728044d \
    --hash=sha256:4e46a4a29092a2ac1001159d5673e2a23996f4474261c791401867b1630429f4 \
    --hash=sha256:4f72162ceed1d50de8226fac6b12e1ecce54883a0c3f7355bb141eae40df488a \
    --hash=sha256:5146a700c93909e797e0f6c05707c992fc75f4f5f5c5ecf826a9aff689ec6af1 \
    --hash=sha256:58da69f71750e844e32614c1805246ffca4c8b032d46a8145faa26c228c6c5ac \
    --hash=sha256:749c5c1271ca208f1026001ddc65984fa98113e583521d47ae7e11bc96bf337d \
    --hash=sha256:812058e7b40b73defa1d5118c25faa674920b7833c0a22cf79f0ff4eadee0c32 \
    --hash=sha256:844d85628e50929143f03af9a34b3cf5c9148747debced80c14776d27e18173c \
    --hash=sha256:8b4ec103273ec3dce86efe6793d41f83df713983d9cbc5c9662adbb56cf00ffe \
    --hash=sha256:9724600b036c6e95c4fe952e29fad83b4f02bdc11d23f25c4ee3ffff2c1d7257 \
    --hash=sha256:f900fa571a9a5668b6210de9ecca1c5b66db14d85b7c36514c3d307d4f4cdc90 \
    --hash=sha256:fab6ee0e87354f14ef228fa71b40841dd3c2c713f6efce636af234b4e3e6edcc
    # via -r requirements.txt
